{
    "name": "some_project",
    "version": "1.0.0",
    "lockfileVersion": 3,
    "requires": true,
    "packages": {
      "": {
        "name": "some_project",
        "version": "1.0.0",
        "license": "ISC",
        "dependencies": {
          "@better-auth/utils": "^0.2.6"
        }
      },
      "node_modules/@better-auth/utils": {
        "version": "0.2.6",
        "resolved": "https://registry.npmjs.org/@better-auth/utils/-/utils-0.2.6.tgz",
        "integrity": "sha512-3y/vaL5Ox33dBwgJ6ub3OPkVqr6B5xL2kgxNHG8eHZuryLyG/4JSPGqjbdRSgjuy9kALUZYDFl+ORIAxlWMSuA==",
        "license": "MIT",
        "dependencies": {
          "uncrypto": "^0.1.3"
        }
      },
      "node_modules/uncrypto": {
        "version": "0.1.3",
        "resolved": "https://registry.npmjs.org/uncrypto/-/uncrypto-0.1.3.tgz",
        "integrity": "sha512-Ql87qFHB3s/De2ClA9e0gsnS6zXG27SkTiSJwjCc9MebbfapQfuPzumMIUMi38ezPZVNFcHI9sUIepeQfw8J8Q==",
        "license": "MIT"
      }
    }
  }